// !$*UTF8*$!
{
	archiveVersion = 1;
	classes = {
	};
	objectVersion = 55;
	objects = {

/* Begin PBXBuildFile section */
		805E78B1279DE61900846C4F /* AppDelegate.swift in Sources */ = {isa = PBXBuildFile; fileRef = 805E78B0279DE61900846C4F /* AppDelegate.swift */; };
		805E78B3279DE61900846C4F /* SceneDelegate.swift in Sources */ = {isa = PBXBuildFile; fileRef = 805E78B2279DE61900846C4F /* SceneDelegate.swift */; };
		805E78B5279DE61900846C4F /* ViewController.swift in Sources */ = {isa = PBXBuildFile; fileRef = 805E78B4279DE61900846C4F /* ViewController.swift */; };
		805E78B8279DE61900846C4F /* Main.storyboard in Resources */ = {isa = PBXBuildFile; fileRef = 805E78B6279DE61900846C4F /* Main.storyboard */; };
		805E78BA279DE61900846C4F /* Assets.xcassets in Resources */ = {isa = PBXBuildFile; fileRef = 805E78B9279DE61900846C4F /* Assets.xcassets */; };
		805E78BD279DE61900846C4F /* LaunchScreen.storyboard in Resources */ = {isa = PBXBuildFile; fileRef = 805E78BB279DE61900846C4F /* LaunchScreen.storyboard */; };
		805E78C8279DE61A00846C4F /* UIProgressViewTests.swift in Sources */ = {isa = PBXBuildFile; fileRef = 805E78C7279DE61A00846C4F /* UIProgressViewTests.swift */; };
		805E78D2279DE61A00846C4F /* UIProgressViewUITests.swift in Sources */ = {isa = PBXBuildFile; fileRef = 805E78D1279DE61A00846C4F /* UIProgressViewUITests.swift */; };
		805E78D4279DE61A00846C4F /* UIProgressViewUITestsLaunchTests.swift in Sources */ = {isa = PBXBuildFile; fileRef = 805E78D3279DE61A00846C4F /* UIProgressViewUITestsLaunchTests.swift */; };
/* End PBXBuildFile section */

/* Begin PBXContainerItemProxy section */
		805E78C4279DE61A00846C4F /* PBXContainerItemProxy */ = {
			isa = PBXContainerItemProxy;
			containerPortal = 805E78A5279DE61900846C4F /* Project object */;
			proxyType = 1;
			remoteGlobalIDString = 805E78AC279DE61900846C4F;
			remoteInfo = UIProgressView;
		};
		805E78CE279DE61A00846C4F /* PBXContainerItemProxy */ = {
			isa = PBXContainerItemProxy;
			containerPortal = 805E78A5279DE61900846C4F /* Project object */;
			proxyType = 1;
			remoteGlobalIDString = 805E78AC279DE61900846C4F;
			remoteInfo = UIProgressView;
		};
/* End PBXContainerItemProxy section */

/* Begin PBXFileReference section */
		805E78AD279DE61900846C4F /* UIProgressView.app */ = {isa = PBXFileReference; explicitFileType = wrapper.application; includeInIndex = 0; path = UIProgressView.app; sourceTree = BUILT_PRODUCTS_DIR; };
		805E78B0279DE61900846C4F /* AppDelegate.swift */ = {isa = PBXFileReference; lastKnownFileType = sourcecode.swift; path = AppDelegate.swift; sourceTree = "<group>"; };
		805E78B2279DE61900846C4F /* SceneDelegate.swift */ = {isa = PBXFileReference; lastKnownFileType = sourcecode.swift; path = SceneDelegate.swift; sourceTree = "<group>"; };
		805E78B4279DE61900846C4F /* ViewController.swift */ = {isa = PBXFileReference; lastKnownFileType = sourcecode.swift; path = ViewController.swift; sourceTree = "<group>"; };
		805E78B7279DE61900846C4F /* Base */ = {isa = PBXFileReference; lastKnownFileType = file.storyboard; name = Base; path = Base.lproj/Main.storyboard; sourceTree = "<group>"; };
		805E78B9279DE61900846C4F /* Assets.xcassets */ = {isa = PBXFileReference; lastKnownFileType = folder.assetcatalog; path = Assets.xcassets; sourceTree = "<group>"; };
		805E78BC279DE61900846C4F /* Base */ = {isa = PBXFileReference; lastKnownFileType = file.storyboard; name = Base; path = Base.lproj/LaunchScreen.storyboard; sourceTree = "<group>"; };
		805E78BE279DE61900846C4F /* Info.plist */ = {isa = PBXFileReference; lastKnownFileType = text.plist.xml; path = Info.plist; sourceTree = "<group>"; };
		805E78C3279DE61A00846C4F /* UIProgressViewTests.xctest */ = {isa = PBXFileReference; explicitFileType = wrapper.cfbundle; includeInIndex = 0; path = UIProgressViewTests.xctest; sourceTree = BUILT_PRODUCTS_DIR; };
		805E78C7279DE61A00846C4F /* UIProgressViewTests.swift */ = {isa = PBXFileReference; lastKnownFileType = sourcecode.swift; path = UIProgressViewTests.swift; sourceTree = "<group>"; };
		805E78CD279DE61A00846C4F /* UIProgressViewUITests.xctest */ = {isa = PBXFileReference; explicitFileType = wrapper.cfbundle; includeInIndex = 0; path = UIProgressViewUITests.xctest; sourceTree = BUILT_PRODUCTS_DIR; };
		805E78D1279DE61A00846C4F /* UIProgressViewUITests.swift */ = {isa = PBXFileReference; lastKnownFileType = sourcecode.swift; path = UIProgressViewUITests.swift; sourceTree = "<group>"; };
		805E78D3279DE61A00846C4F /* UIProgressViewUITestsLaunchTests.swift */ = {isa = PBXFileReference; lastKnownFileType = sourcecode.swift; path = UIProgressViewUITestsLaunchTests.swift; sourceTree = "<group>"; };
/* End PBXFileReference section */

/* Begin PBXFrameworksBuildPhase section */
		805E78AA279DE61900846C4F /* Frameworks */ = {
			isa = PBXFrameworksBuildPhase;
			buildActionMask = 2147483647;
			files = (
			);
			runOnlyForDeploymentPostprocessing = 0;
		};
		805E78C0279DE61A00846C4F /* Frameworks */ = {
			isa = PBXFrameworksBuildPhase;
			buildActionMask = 2147483647;
			files = (
			);
			runOnlyForDeploymentPostprocessing = 0;
		};
		805E78CA279DE61A00846C4F /* Frameworks */ = {
			isa = PBXFrameworksBuildPhase;
			buildActionMask = 2147483647;
			files = (
			);
			runOnlyForDeploymentPostprocessing = 0;
		};
/* End PBXFrameworksBuildPhase section */

/* Begin PBXGroup section */
		805E78A4279DE61900846C4F = {
			isa = PBXGroup;
			children = (
				805E78AF279DE61900846C4F /* UIProgressView */,
				805E78C6279DE61A00846C4F /* UIProgressViewTests */,
				805E78D0279DE61A00846C4F /* UIProgressViewUITests */,
				805E78AE279DE61900846C4F /* Products */,
			);
			sourceTree = "<group>";
		};
		805E78AE279DE61900846C4F /* Products */ = {
			isa = PBXGroup;
			children = (
				805E78AD279DE61900846C4F /* UIProgressView.app */,
				805E78C3279DE61A00846C4F /* UIProgressViewTests.xctest */,
				805E78CD279DE61A00846C4F /* UIProgressViewUITests.xctest */,
			);
			name = Products;
			sourceTree = "<group>";
		};
		805E78AF279DE61900846C4F /* UIProgressView */ = {
			isa = PBXGroup;
			children = (
				805E78B0279DE61900846C4F /* AppDelegate.swift */,
				805E78B2279DE61900846C4F /* SceneDelegate.swift */,
				805E78B4279DE61900846C4F /* ViewController.swift */,
				805E78B6279DE61900846C4F /* Main.storyboard */,
				805E78B9279DE61900846C4F /* Assets.xcassets */,
				805E78BB279DE61900846C4F /* LaunchScreen.storyboard */,
				805E78BE279DE61900846C4F /* Info.plist */,
			);
			path = UIProgressView;
			sourceTree = "<group>";
		};
		805E78C6279DE61A00846C4F /* UIProgressViewTests */ = {
			isa = PBXGroup;
			children = (
				805E78C7279DE61A00846C4F /* UIProgressViewTests.swift */,
			);
			path = UIProgressViewTests;
			sourceTree = "<group>";
		};
		805E78D0279DE61A00846C4F /* UIProgressViewUITests */ = {
			isa = PBXGroup;
			children = (
				805E78D1279DE61A00846C4F /* UIProgressViewUITests.swift */,
				805E78D3279DE61A00846C4F /* UIProgressViewUITestsLaunchTests.swift */,
			);
			path = UIProgressViewUITests;
			sourceTree = "<group>";
		};
/* End PBXGroup section */

/* Begin PBXNativeTarget section */
		805E78AC279DE61900846C4F /* UIProgressView */ = {
			isa = PBXNativeTarget;
			buildConfigurationList = 805E78D7279DE61A00846C4F /* Build configuration list for PBXNativeTarget "UIProgressView" */;
			buildPhases = (
				805E78A9279DE61900846C4F /* Sources */,
				805E78AA279DE61900846C4F /* Frameworks */,
				805E78AB279DE61900846C4F /* Resources */,
			);
			buildRules = (
			);
			dependencies = (
			);
			name = UIProgressView;
			productName = UIProgressView;
			productReference = 805E78AD279DE61900846C4F /* UIProgressView.app */;
			productType = "com.apple.product-type.application";
		};
		805E78C2279DE61A00846C4F /* UIProgressViewTests */ = {
			isa = PBXNativeTarget;
			buildConfigurationList = 805E78DA279DE61A00846C4F /* Build configuration list for PBXNativeTarget "UIProgressViewTests" */;
			buildPhases = (
				805E78BF279DE61A00846C4F /* Sources */,
				805E78C0279DE61A00846C4F /* Frameworks */,
				805E78C1279DE61A00846C4F /* Resources */,
			);
			buildRules = (
			);
			dependencies = (
				805E78C5279DE61A00846C4F /* PBXTargetDependency */,
			);
			name = UIProgressViewTests;
			productName = UIProgressViewTests;
			productReference = 805E78C3279DE61A00846C4F /* UIProgressViewTests.xctest */;
			productType = "com.apple.product-type.bundle.unit-test";
		};
		805E78CC279DE61A00846C4F /* UIProgressViewUITests */ = {
			isa = PBXNativeTarget;
			buildConfigurationList = 805E78DD279DE61A00846C4F /* Build configuration list for PBXNativeTarget "UIProgressViewUITests" */;
			buildPhases = (
				805E78C9279DE61A00846C4F /* Sources */,
				805E78CA279DE61A00846C4F /* Frameworks */,
				805E78CB279DE61A00846C4F /* Resources */,
			);
			buildRules = (
			);
			dependencies = (
				805E78CF279DE61A00846C4F /* PBXTargetDependency */,
			);
			name = UIProgressViewUITests;
			productName = UIProgressViewUITests;
			productReference = 805E78CD279DE61A00846C4F /* UIProgressViewUITests.xctest */;
			productType = "com.apple.product-type.bundle.ui-testing";
		};
/* End PBXNativeTarget section */

/* Begin PBXProject section */
		805E78A5279DE61900846C4F /* Project object */ = {
			isa = PBXProject;
			attributes = {
				BuildIndependentTargetsInParallel = 1;
				LastSwiftUpdateCheck = 1320;
				LastUpgradeCheck = 1320;
				TargetAttributes = {
					805E78AC279DE61900846C4F = {
						CreatedOnToolsVersion = 13.2.1;
					};
					805E78C2279DE61A00846C4F = {
						CreatedOnToolsVersion = 13.2.1;
						TestTargetID = 805E78AC279DE61900846C4F;
					};
					805E78CC279DE61A00846C4F = {
						CreatedOnToolsVersion = 13.2.1;
						TestTargetID = 805E78AC279DE61900846C4F;
					};
				};
			};
			buildConfigurationList = 805E78A8279DE61900846C4F /* Build configuration list for PBXProject "UIProgressView" */;
			compatibilityVersion = "Xcode 13.0";
			developmentRegion = en;
			hasScannedForEncodings = 0;
			knownRegions = (
				en,
				Base,
			);
			mainGroup = 805E78A4279DE61900846C4F;
			productRefGroup = 805E78AE279DE61900846C4F /* Products */;
			projectDirPath = "";
			projectRoot = "";
			targets = (
				805E78AC279DE61900846C4F /* UIProgressView */,
				805E78C2279DE61A00846C4F /* UIProgressViewTests */,
				805E78CC279DE61A00846C4F /* UIProgressViewUITests */,
			);
		};
/* End PBXProject section */

/* Begin PBXResourcesBuildPhase section */
		805E78AB279DE61900846C4F /* Resources */ = {
			isa = PBXResourcesBuildPhase;
			buildActionMask = 2147483647;
			files = (
				805E78BD279DE61900846C4F /* LaunchScreen.storyboard in Resources */,
				805E78BA279DE61900846C4F /* Assets.xcassets in Resources */,
				805E78B8279DE61900846C4F /* Main.storyboard in Resources */,
			);
			runOnlyForDeploymentPostprocessing = 0;
		};
		805E78C1279DE61A00846C4F /* Resources */ = {
			isa = PBXResourcesBuildPhase;
			buildActionMask = 2147483647;
			files = (
			);
			runOnlyForDeploymentPostprocessing = 0;
		};
		805E78CB279DE61A00846C4F /* Resources */ = {
			isa = PBXResourcesBuildPhase;
			buildActionMask = 2147483647;
			files = (
			);
			runOnlyForDeploymentPostprocessing = 0;
		};
/* End PBXResourcesBuildPhase section */

/* Begin PBXSourcesBuildPhase section */
		805E78A9279DE61900846C4F /* Sources */ = {
			isa = PBXSourcesBuildPhase;
			buildActionMask = 2147483647;
			files = (
				805E78B5279DE61900846C4F /* ViewController.swift in Sources */,
				805E78B1279DE61900846C4F /* AppDelegate.swift in Sources */,
				805E78B3279DE61900846C4F /* SceneDelegate.swift in Sources */,
			);
			runOnlyForDeploymentPostprocessing = 0;
		};
		805E78BF279DE61A00846C4F /* Sources */ = {
			isa = PBXSourcesBuildPhase;
			buildActionMask = 2147483647;
			files = (
				805E78C8279DE61A00846C4F /* UIProgressViewTests.swift in Sources */,
			);
			runOnlyForDeploymentPostprocessing = 0;
		};
		805E78C9279DE61A00846C4F /* Sources */ = {
			isa = PBXSourcesBuildPhase;
			buildActionMask = 2147483647;
			files = (
				805E78D4279DE61A00846C4F /* UIProgressViewUITestsLaunchTests.swift in Sources */,
				805E78D2279DE61A00846C4F /* UIProgressViewUITests.swift in Sources */,
			);
			runOnlyForDeploymentPostprocessing = 0;
		};
/* End PBXSourcesBuildPhase section */

/* Begin PBXTargetDependency section */
		805E78C5279DE61A00846C4F /* PBXTargetDependency */ = {
			isa = PBXTargetDependency;
			target = 805E78AC279DE61900846C4F /* UIProgressView */;
			targetProxy = 805E78C4279DE61A00846C4F /* PBXContainerItemProxy */;
		};
		805E78CF279DE61A00846C4F /* PBXTargetDependency */ = {
			isa = PBXTargetDependency;
			target = 805E78AC279DE61900846C4F /* UIProgressView */;
			targetProxy = 805E78CE279DE61A00846C4F /* PBXContainerItemProxy */;
		};
/* End PBXTargetDependency section */

/* Begin PBXVariantGroup section */
		805E78B6279DE61900846C4F /* Main.storyboard */ = {
			isa = PBXVariantGroup;
			children = (
				805E78B7279DE61900846C4F /* Base */,
			);
			name = Main.storyboard;
			sourceTree = "<group>";
		};
		805E78BB279DE61900846C4F /* LaunchScreen.storyboard */ = {
			isa = PBXVariantGroup;
			children = (
				805E78BC279DE61900846C4F /* Base */,
			);
			name = LaunchScreen.storyboard;
			sourceTree = "<group>";
		};
/* End PBXVariantGroup section */

/* Begin XCBuildConfiguration section */
		805E78D5279DE61A00846C4F /* Debug */ = {
			isa = XCBuildConfiguration;
			buildSettings = {
				ALWAYS_SEARCH_USER_PATHS = NO;
				CLANG_ANALYZER_NONNULL = YES;
				CLANG_ANALYZER_NUMBER_OBJECT_CONVERSION = YES_AGGRESSIVE;
				CLANG_CXX_LANGUAGE_STANDARD = "gnu++17";
				CLANG_CXX_LIBRARY = "libc++";
				CLANG_ENABLE_MODULES = YES;
				CLANG_ENABLE_OBJC_ARC = YES;
				CLANG_ENABLE_OBJC_WEAK = YES;
				CLANG_WARN_BLOCK_CAPTURE_AUTORELEASING = YES;
				CLANG_WARN_BOOL_CONVERSION = YES;
				CLANG_WARN_COMMA = YES;
				CLANG_WARN_CONSTANT_CONVERSION = YES;
				CLANG_WARN_DEPRECATED_OBJC_IMPLEMENTATIONS = YES;
				CLANG_WARN_DIRECT_OBJC_ISA_USAGE = YES_ERROR;
				CLANG_WARN_DOCUMENTATION_COMMENTS = YES;
				CLANG_WARN_EMPTY_BODY = YES;
				CLANG_WARN_ENUM_CONVERSION = YES;
				CLANG_WARN_INFINITE_RECURSION = YES;
				CLANG_WARN_INT_CONVERSION = YES;
				CLANG_WARN_NON_LITERAL_NULL_CONVERSION = YES;
				CLANG_WARN_OBJC_IMPLICIT_RETAIN_SELF = YES;
				CLANG_WARN_OBJC_LITERAL_CONVERSION = YES;
				CLANG_WARN_OBJC_ROOT_CLASS = YES_ERROR;
				CLANG_WARN_QUOTED_INCLUDE_IN_FRAMEWORK_HEADER = YES;
				CLANG_WARN_RANGE_LOOP_ANALYSIS = YES;
				CLANG_WARN_STRICT_PROTOTYPES = YES;
				CLANG_WARN_SUSPICIOUS_MOVE = YES;
				CLANG_WARN_UNGUARDED_AVAILABILITY = YES_AGGRESSIVE;
				CLANG_WARN_UNREACHABLE_CODE = YES;
				CLANG_WARN__DUPLICATE_METHOD_MATCH = YES;
				COPY_PHASE_STRIP = NO;
				DEBUG_INFORMATION_FORMAT = dwarf;
				ENABLE_STRICT_OBJC_MSGSEND = YES;
				ENABLE_TESTABILITY = YES;
				GCC_C_LANGUAGE_STANDARD = gnu11;
				GCC_DYNAMIC_NO_PIC = NO;
				GCC_NO_COMMON_BLOCKS = YES;
				GCC_OPTIMIZATION_LEVEL = 0;
				GCC_PREPROCESSOR_DEFINITIONS = (
					"DEBUG=1",
					"$(inherited)",
				);
				GCC_WARN_64_TO_32_BIT_CONVERSION = YES;
				GCC_WARN_ABOUT_RETURN_TYPE = YES_ERROR;
				GCC_WARN_UNDECLARED_SELECTOR = YES;
				GCC_WARN_UNINITIALIZED_AUTOS = YES_AGGRESSIVE;
				GCC_WARN_UNUSED_FUNCTION = YES;
				GCC_WARN_UNUSED_VARIABLE = YES;
				IPHONEOS_DEPLOYMENT_TARGET = 15.2;
				MTL_ENABLE_DEBUG_INFO = INCLUDE_SOURCE;
				MTL_FAST_MATH = YES;
				ONLY_ACTIVE_ARCH = YES;
				SDKROOT = iphoneos;
				SWIFT_ACTIVE_COMPILATION_CONDITIONS = DEBUG;
				SWIFT_OPTIMIZATION_LEVEL = "-Onone";
			};
			name = Debug;
		};
		805E78D6279DE61A00846C4F /* Release */ = {
			isa = XCBuildConfiguration;
			buildSettings = {
				ALWAYS_SEARCH_USER_PATHS = NO;
				CLANG_ANALYZER_NONNULL = YES;
				CLANG_ANALYZER_NUMBER_OBJECT_CONVERSION = YES_AGGRESSIVE;
				CLANG_CXX_LANGUAGE_STANDARD = "gnu++17";
				CLANG_CXX_LIBRARY = "libc++";
				CLANG_ENABLE_MODULES = YES;
				CLANG_ENABLE_OBJC_ARC = YES;
				CLANG_ENABLE_OBJC_WEAK = YES;
				CLANG_WARN_BLOCK_CAPTURE_AUTORELEASING = YES;
				CLANG_WARN_BOOL_CONVERSION = YES;
				CLANG_WARN_COMMA = YES;
				CLANG_WARN_CONSTANT_CONVERSION = YES;
				CLANG_WARN_DEPRECATED_OBJC_IMPLEMENTATIONS = YES;
				CLANG_WARN_DIRECT_OBJC_ISA_USAGE = YES_ERROR;
				CLANG_WARN_DOCUMENTATION_COMMENTS = YES;
				CLANG_WARN_EMPTY_BODY = YES;
				CLANG_WARN_ENUM_CONVERSION = YES;
				CLANG_WARN_INFINITE_RECURSION = YES;
				CLANG_WARN_INT_CONVERSION = YES;
				CLANG_WARN_NON_LITERAL_NULL_CONVERSION = YES;
				CLANG_WARN_OBJC_IMPLICIT_RETAIN_SELF = YES;
				CLANG_WARN_OBJC_LITERAL_CONVERSION = YES;
				CLANG_WARN_OBJC_ROOT_CLASS = YES_ERROR;
				CLANG_WARN_QUOTED_INCLUDE_IN_FRAMEWORK_HEADER = YES;
				CLANG_WARN_RANGE_LOOP_ANALYSIS = YES;
				CLANG_WARN_STRICT_PROTOTYPES = YES;
				CLANG_WARN_SUSPICIOUS_MOVE = YES;
				CLANG_WARN_UNGUARDED_AVAILABILITY = YES_AGGRESSIVE;
				CLANG_WARN_UNREACHABLE_CODE = YES;
				CLANG_WARN__DUPLICATE_METHOD_MATCH = YES;
				COPY_PHASE_STRIP = NO;
				DEBUG_INFORMATION_FORMAT = "dwarf-with-dsym";
				ENABLE_NS_ASSERTIONS = NO;
				ENABLE_STRICT_OBJC_MSGSEND = YES;
				GCC_C_LANGUAGE_STANDARD = gnu11;
				GCC_NO_COMMON_BLOCKS = YES;
				GCC_WARN_64_TO_32_BIT_CONVERSION = YES;
				GCC_WARN_ABOUT_RETURN_TYPE = YES_ERROR;
				GCC_WARN_UNDECLARED_SELECTOR = YES;
				GCC_WARN_UNINITIALIZED_AUTOS = YES_AGGRESSIVE;
				GCC_WARN_UNUSED_FUNCTION = YES;
				GCC_WARN_UNUSED_VARIABLE = YES;
				IPHONEOS_DEPLOYMENT_TARGET = 15.2;
				MTL_ENABLE_DEBUG_INFO = NO;
				MTL_FAST_MATH = YES;
				SDKROOT = iphoneos;
				SWIFT_COMPILATION_MODE = wholemodule;
				SWIFT_OPTIMIZATION_LEVEL = "-O";
				VALIDATE_PRODUCT = YES;
			};
			name = Release;
		};
		805E78D8279DE61A00846C4F /* Debug */ = {
			isa = XCBuildConfiguration;
			buildSettings = {
				ASSETCATALOG_COMPILER_APPICON_NAME = AppIcon;
				ASSETCATALOG_COMPILER_GLOBAL_ACCENT_COLOR_NAME = AccentColor;
				CODE_SIGN_STYLE = Automatic;
				CURRENT_PROJECT_VERSION = 1;
				GENERATE_INFOPLIST_FILE = YES;
				INFOPLIST_FILE = UIProgressView/Info.plist;
				INFOPLIST_KEY_UIApplicationSupportsIndirectInputEvents = YES;
				INFOPLIST_KEY_UILaunchStoryboardName = LaunchScreen;
				INFOPLIST_KEY_UIMainStoryboardFile = Main;
				INFOPLIST_KEY_UISupportedInterfaceOrientations_iPad = "UIInterfaceOrientationPortrait UIInterfaceOrientationPortraitUpsideDown UIInterfaceOrientationLandscapeLeft UIInterfaceOrientationLandscapeRight";
				INFOPLIST_KEY_UISupportedInterfaceOrientations_iPhone = "UIInterfaceOrientationPortrait UIInterfaceOrientationLandscapeLeft UIInterfaceOrientationLandscapeRight";
				LD_RUNPATH_SEARCH_PATHS = (
					"$(inherited)",
					"@executable_path/Frameworks",
				);
				MARKETING_VERSION = 1.0;
				PRODUCT_BUNDLE_IDENTIFIER = yunusoktay.UIProgressView;
				PRODUCT_NAME = "$(TARGET_NAME)";
				SWIFT_EMIT_LOC_STRINGS = YES;
				SWIFT_VERSION = 5.0;
				TARGETED_DEVICE_FAMILY = "1,2";
			};
			name = Debug;
		};
		805E78D9279DE61A00846C4F /* Release */ = {
			isa = XCBuildConfiguration;
			buildSettings = {
				ASSETCATALOG_COMPILER_APPICON_NAME = AppIcon;
				ASSETCATALOG_COMPILER_GLOBAL_ACCENT_COLOR_NAME = AccentColor;
				CODE_SIGN_STYLE = Automatic;
				CURRENT_PROJECT_VERSION = 1;
				GENERATE_INFOPLIST_FILE = YES;
				INFOPLIST_FILE = UIProgressView/Info.plist;
				INFOPLIST_KEY_UIApplicationSupportsIndirectInputEvents = YES;
				INFOPLIST_KEY_UILaunchStoryboardName = LaunchScreen;
				INFOPLIST_KEY_UIMainStoryboardFile = Main;
				INFOPLIST_KEY_UISupportedInterfaceOrientations_iPad = "UIInterfaceOrientationPortrait UIInterfaceOrientationPortraitUpsideDown UIInterfaceOrientationLandscapeLeft UIInterfaceOrientationLandscapeRight";
				INFOPLIST_KEY_UISupportedInterfaceOrientations_iPhone = "UIInterfaceOrientationPortrait UIInterfaceOrientationLandscapeLeft UIInterfaceOrientationLandscapeRight";
				LD_RUNPATH_SEARCH_PATHS = (
					"$(inherited)",
					"@executable_path/Frameworks",
				);
				MARKETING_VERSION = 1.0;
				PRODUCT_BUNDLE_IDENTIFIER = yunusoktay.UIProgressView;
				PRODUCT_NAME = "$(TARGET_NAME)";
				SWIFT_EMIT_LOC_STRINGS = YES;
				SWIFT_VERSION = 5.0;
				TARGETED_DEVICE_FAMILY = "1,2";
			};
			name = Release;
		};
		805E78DB279DE61A00846C4F /* Debug */ = {
			isa = XCBuildConfiguration;
			buildSettings = {
				ALWAYS_EMBED_SWIFT_STANDARD_LIBRARIES = YES;
				BUNDLE_LOADER = "$(TEST_HOST)";
				CODE_SIGN_STYLE = Automatic;
				CURRENT_PROJECT_VERSION = 1;
				GENERATE_INFOPLIST_FILE = YES;
				IPHONEOS_DEPLOYMENT_TARGET = 15.2;
				MARKETING_VERSION = 1.0;
				PRODUCT_BUNDLE_IDENTIFIER = yunusoktay.UIProgressViewTests;
				PRODUCT_NAME = "$(TARGET_NAME)";
				SWIFT_EMIT_LOC_STRINGS = NO;
				SWIFT_VERSION = 5.0;
				TARGETED_DEVICE_FAMILY = "1,2";
				TEST_HOST = "$(BUILT_PRODUCTS_DIR)/UIProgressView.app/UIProgressView";
			};
			name = Debug;
		};
		805E78DC279DE61A00846C4F /* Release */ = {
			isa = XCBuildConfiguration;
			buildSettings = {
				ALWAYS_EMBED_SWIFT_STANDARD_LIBRARIES = YES;
				BUNDLE_LOADER = "$(TEST_HOST)";
				CODE_SIGN_STYLE = Automatic;
				CURRENT_PROJECT_VERSION = 1;
				GENERATE_INFOPLIST_FILE = YES;
				IPHONEOS_DEPLOYMENT_TARGET = 15.2;
				MARKETING_VERSION = 1.0;
				PRODUCT_BUNDLE_IDENTIFIER = yunusoktay.UIProgressViewTests;
				PRODUCT_NAME = "$(TARGET_NAME)";
				SWIFT_EMIT_LOC_STRINGS = NO;
				SWIFT_VERSION = 5.0;
				TARGETED_DEVICE_FAMILY = "1,2";
				TEST_HOST = "$(BUILT_PRODUCTS_DIR)/UIProgressView.app/UIProgressView";
			};
			name = Release;
		};
		805E78DE279DE61A00846C4F /* Debug */ = {
			isa = XCBuildConfiguration;
			buildSettings = {
				ALWAYS_EMBED_SWIFT_STANDARD_LIBRARIES = YES;
				CODE_SIGN_STYLE = Automatic;
				CURRENT_PROJECT_VERSION = 1;
				GENERATE_INFOPLIST_FILE = YES;
				MARKETING_VERSION = 1.0;
				PRODUCT_BUNDLE_IDENTIFIER = yunusoktay.UIProgressViewUITests;
				PRODUCT_NAME = "$(TARGET_NAME)";
				SWIFT_EMIT_LOC_STRINGS = NO;
				SWIFT_VERSION = 5.0;
				TARGETED_DEVICE_FAMILY = "1,2";
				TEST_TARGET_NAME = UIProgressView;
			};
			name = Debug;
		};
		805E78DF279DE61A00846C4F /* Release */ = {
			isa = XCBuildConfiguration;
			buildSettings = {
				ALWAYS_EMBED_SWIFT_STANDARD_LIBRARIES = YES;
				CODE_SIGN_STYLE = Automatic;
				CURRENT_PROJECT_VERSION = 1;
				GENERATE_INFOPLIST_FILE = YES;
				MARKETING_VERSION = 1.0;
				PRODUCT_BUNDLE_IDENTIFIER = yunusoktay.UIProgressViewUITests;
				PRODUCT_NAME = "$(TARGET_NAME)";
				SWIFT_EMIT_LOC_STRINGS = NO;
				SWIFT_VERSION = 5.0;
				TARGETED_DEVICE_FAMILY = "1,2";
				TEST_TARGET_NAME = UIProgressView;
			};
			name = Release;
		};
/* End XCBuildConfiguration section */

/* Begin XCConfigurationList section */
		805E78A8279DE61900846C4F /* Build configuration list for PBXProject "UIProgressView" */ = {
			isa = XCConfigurationList;
			buildConfigurations = (
				805E78D5279DE61A00846C4F /* Debug */,
				805E78D6279DE61A00846C4F /* Release */,
			);
			defaultConfigurationIsVisible = 0;
			defaultConfigurationName = Release;
		};
		805E78D7279DE61A00846C4F /* Build configuration list for PBXNativeTarget "UIProgressView" */ = {
			isa = XCConfigurationList;
			buildConfigurations = (
				805E78D8279DE61A00846C4F /* Debug */,
				805E78D9279DE61A00846C4F /* Release */,
			);
			defaultConfigurationIsVisible = 0;
			defaultConfigurationName = Release;
		};
		805E78DA279DE61A00846C4F /* Build configuration list for PBXNativeTarget "UIProgressViewTests" */ = {
			isa = XCConfigurationList;
			buildConfigurations = (
				805E78DB279DE61A00846C4F /* Debug */,
				805E78DC279DE61A00846C4F /* Release */,
			);
			defaultConfigurationIsVisible = 0;
			defaultConfigurationName = Release;
		};
		805E78DD279DE61A00846C4F /* Build configuration list for PBXNativeTarget "UIProgressViewUITests" */ = {
			isa = XCConfigurationList;
			buildConfigurations = (
				805E78DE279DE61A00846C4F /* Debug */,
				805E78DF279DE61A00846C4F /* Release */,
			);
			defaultConfigurationIsVisible = 0;
			defaultConfigurationName = Release;
		};
/* End XCConfigurationList section */
	};
	rootObject = 805E78A5279DE61900846C4F /* Project object */;
}
